{
  "object": {
    "pins": [
      {
        "package": "Cache",
        "repositoryURL": "https://github.com/nipapadak/Cache",
        "state": {
          "branch": "branch-master-rb",
          "revision": "4c0f7be7ce4be8a2fe129acf55215bd6caf3f715",
          "version": null
        }
      }
    ]
  },
  "version": 1
}
